
Microsoft Visual Studio Solution File, Format Version 12.00
# Visual Studio Version 17
VisualStudioVersion = 17.14.36518.9 d17.14
MinimumVisualStudioVersion = 10.0.40219.1
Project("{2150E333-8FDC-42A3-9474-1A3956D46DE8}") = "Task0", "Task0", "{02EA681E-C7D8-13C7-8484-4AC65E1B71E8}"
EndProject
Project("{FAE04EC0-301F-11D3-BF4B-00C04F79EFBC}") = "Tyuiu.ChirchenkoME.Sprint2.Task0.V5", "Tyuiu.ChirchenkoME.Sprint2.Task0.V5\Tyuiu.ChirchenkoME.Sprint2.Task0.V5.csproj", "{97BC59A3-1276-47D8-99EF-947CDA999FDA}"
EndProject
Project("{FAE04EC0-301F-11D3-BF4B-00C04F79EFBC}") = "Tyuiu.ChirchenkoME.Sprint2.Task0.V5.Lib", "Tyuiu.ChirchenkoME.Sprint2.Task0.V5.Lib\Tyuiu.ChirchenkoME.Sprint2.Task0.V5.Lib.csproj", "{BCF75A89-3EF5-497D-8222-47578BC7C8C2}"
EndProject
Project("{FAE04EC0-301F-11D3-BF4B-00C04F79EFBC}") = "Tyuiu.ChirchenkoME.Sprint2.Task0.V5.Test", "Tyuiu.ChirchenkoME.Sprint2.Task0.V5.Test\Tyuiu.ChirchenkoME.Sprint2.Task0.V5.Test.csproj", "{BC346C4B-D28D-49A3-BC5F-AC947CFF8751}"
EndProject
Project("{2150E333-8FDC-42A3-9474-1A3956D46DE8}") = "Task1", "Task1", "{1A2B5FCD-41A7-4769-9EF6-285B207D20A5}"
EndProject
Project("{FAE04EC0-301F-11D3-BF4B-00C04F79EFBC}") = "Tyuiu.ChirchenkoME.Sprint2.Task1.V1", "Tyuiu.ChirchenkoME.Sprint2.Task1.V1\Tyuiu.ChirchenkoME.Sprint2.Task1.V1.csproj", "{555B63EE-16D1-4692-A423-0E05D051F8A8}"
EndProject
Project("{FAE04EC0-301F-11D3-BF4B-00C04F79EFBC}") = "Tyuiu.ChirchenkoME.Sprint2.Task1.V1.Lib", "Tyuiu.ChirchenkoME.Sprint2.Task1.V1.Lib\Tyuiu.ChirchenkoME.Sprint2.Task1.V1.Lib.csproj", "{E3F2CABA-8B80-433B-A843-B98035B65591}"
EndProject
Project("{FAE04EC0-301F-11D3-BF4B-00C04F79EFBC}") = "Tyuiu.ChirchenkoME.Sprint2.Task1.V1.Test", "Tyuiu.ChirchenkoME.Sprint2.Task1.V1.Test\Tyuiu.ChirchenkoME.Sprint2.Task1.V1.Test.csproj", "{3F137128-A57D-478A-ABCA-36B64BEEF9E5}"
EndProject
Project("{2150E333-8FDC-42A3-9474-1A3956D46DE8}") = "Task2", "Task2", "{6607D649-2AF3-4FA6-A6A9-C7ED707BD26A}"
EndProject
Project("{FAE04EC0-301F-11D3-BF4B-00C04F79EFBC}") = "Tyuiu.ChirchenkoME.Sprint2.Task2.V16", "Tyuiu.ChirchenkoME.Sprint2.Task2.V16\Tyuiu.ChirchenkoME.Sprint2.Task2.V16.csproj", "{4EE5F436-5F6E-4466-A49A-803AC47CEFA8}"
EndProject
Project("{FAE04EC0-301F-11D3-BF4B-00C04F79EFBC}") = "Tyuiu.ChirchenkoME.Sprint2.Task2.V16.Lib", "Tyuiu.ChirchenkoME.Sprint2.Task2.V16.Lib\Tyuiu.ChirchenkoME.Sprint2.Task2.V16.Lib.csproj", "{1A1530FF-B981-4070-82F7-DDF5BEC5CC86}"
EndProject
Project("{FAE04EC0-301F-11D3-BF4B-00C04F79EFBC}") = "Tyuiu.ChirchenkoME.Sprint2.Task2.V16.Test", "Tyuiu.ChirchenkoME.Sprint2.Task2.V16.Test\Tyuiu.ChirchenkoME.Sprint2.Task2.V16.Test.csproj", "{C2B9D5E4-31E3-41F1-B914-0BCFACB17481}"
EndProject
Global
	GlobalSection(SolutionConfigurationPlatforms) = preSolution
		Debug|Any CPU = Debug|Any CPU
		Release|Any CPU = Release|Any CPU
	EndGlobalSection
	GlobalSection(ProjectConfigurationPlatforms) = postSolution
		{97BC59A3-1276-47D8-99EF-947CDA999FDA}.Debug|Any CPU.ActiveCfg = Debug|Any CPU
		{97BC59A3-1276-47D8-99EF-947CDA999FDA}.Debug|Any CPU.Build.0 = Debug|Any CPU
		{97BC59A3-1276-47D8-99EF-947CDA999FDA}.Release|Any CPU.ActiveCfg = Release|Any CPU
		{97BC59A3-1276-47D8-99EF-947CDA999FDA}.Release|Any CPU.Build.0 = Release|Any CPU
		{BCF75A89-3EF5-497D-8222-47578BC7C8C2}.Debug|Any CPU.ActiveCfg = Debug|Any CPU
		{BCF75A89-3EF5-497D-8222-47578BC7C8C2}.Debug|Any CPU.Build.0 = Debug|Any CPU
		{BCF75A89-3EF5-497D-8222-47578BC7C8C2}.Release|Any CPU.ActiveCfg = Release|Any CPU
		{BCF75A89-3EF5-497D-8222-47578BC7C8C2}.Release|Any CPU.Build.0 = Release|Any CPU
		{BC346C4B-D28D-49A3-BC5F-AC947CFF8751}.Debug|Any CPU.ActiveCfg = Debug|Any CPU
		{BC346C4B-D28D-49A3-BC5F-AC947CFF8751}.Debug|Any CPU.Build.0 = Debug|Any CPU
		{BC346C4B-D28D-49A3-BC5F-AC947CFF8751}.Release|Any CPU.ActiveCfg = Release|Any CPU
		{BC346C4B-D28D-49A3-BC5F-AC947CFF8751}.Release|Any CPU.Build.0 = Release|Any CPU
		{555B63EE-16D1-4692-A423-0E05D051F8A8}.Debug|Any CPU.ActiveCfg = Debug|Any CPU
		{555B63EE-16D1-4692-A423-0E05D051F8A8}.Debug|Any CPU.Build.0 = Debug|Any CPU
		{555B63EE-16D1-4692-A423-0E05D051F8A8}.Release|Any CPU.ActiveCfg = Release|Any CPU
		{555B63EE-16D1-4692-A423-0E05D051F8A8}.Release|Any CPU.Build.0 = Release|Any CPU
		{E3F2CABA-8B80-433B-A843-B98035B65591}.Debug|Any CPU.ActiveCfg = Debug|Any CPU
		{E3F2CABA-8B80-433B-A843-B98035B65591}.Debug|Any CPU.Build.0 = Debug|Any CPU
		{E3F2CABA-8B80-433B-A843-B98035B65591}.Release|Any CPU.ActiveCfg = Release|Any CPU
		{E3F2CABA-8B80-433B-A843-B98035B65591}.Release|Any CPU.Build.0 = Release|Any CPU
		{3F137128-A57D-478A-ABCA-36B64BEEF9E5}.Debug|Any CPU.ActiveCfg = Debug|Any CPU
		{3F137128-A57D-478A-ABCA-36B64BEEF9E5}.Debug|Any CPU.Build.0 = Debug|Any CPU
		{3F137128-A57D-478A-ABCA-36B64BEEF9E5}.Release|Any CPU.ActiveCfg = Release|Any CPU
		{3F137128-A57D-478A-ABCA-36B64BEEF9E5}.Release|Any CPU.Build.0 = Release|Any CPU
		{4EE5F436-5F6E-4466-A49A-803AC47CEFA8}.Debug|Any CPU.ActiveCfg = Debug|Any CPU
		{4EE5F436-5F6E-4466-A49A-803AC47CEFA8}.Debug|Any CPU.Build.0 = Debug|Any CPU
		{4EE5F436-5F6E-4466-A49A-803AC47CEFA8}.Release|Any CPU.ActiveCfg = Release|Any CPU
		{4EE5F436-5F6E-4466-A49A-803AC47CEFA8}.Release|Any CPU.Build.0 = Release|Any CPU
		{1A1530FF-B981-4070-82F7-DDF5BEC5CC86}.Debug|Any CPU.ActiveCfg = Debug|Any CPU
		{1A1530FF-B981-4070-82F7-DDF5BEC5CC86}.Debug|Any CPU.Build.0 = Debug|Any CPU
		{1A1530FF-B981-4070-82F7-DDF5BEC5CC86}.Release|Any CPU.ActiveCfg = Release|Any CPU
		{1A1530FF-B981-4070-82F7-DDF5BEC5CC86}.Release|Any CPU.Build.0 = Release|Any CPU
		{C2B9D5E4-31E3-41F1-B914-0BCFACB17481}.Debug|Any CPU.ActiveCfg = Debug|Any CPU
		{C2B9D5E4-31E3-41F1-B914-0BCFACB17481}.Debug|Any CPU.Build.0 = Debug|Any CPU
		{C2B9D5E4-31E3-41F1-B914-0BCFACB17481}.Release|Any CPU.ActiveCfg = Release|Any CPU
		{C2B9D5E4-31E3-41F1-B914-0BCFACB17481}.Release|Any CPU.Build.0 = Release|Any CPU
	EndGlobalSection
	GlobalSection(SolutionProperties) = preSolution
		HideSolutionNode = FALSE
	EndGlobalSection
	GlobalSection(NestedProjects) = preSolution
		{97BC59A3-1276-47D8-99EF-947CDA999FDA} = {02EA681E-C7D8-13C7-8484-4AC65E1B71E8}
		{BCF75A89-3EF5-497D-8222-47578BC7C8C2} = {02EA681E-C7D8-13C7-8484-4AC65E1B71E8}
		{BC346C4B-D28D-49A3-BC5F-AC947CFF8751} = {02EA681E-C7D8-13C7-8484-4AC65E1B71E8}
		{555B63EE-16D1-4692-A423-0E05D051F8A8} = {1A2B5FCD-41A7-4769-9EF6-285B207D20A5}
		{E3F2CABA-8B80-433B-A843-B98035B65591} = {1A2B5FCD-41A7-4769-9EF6-285B207D20A5}
		{3F137128-A57D-478A-ABCA-36B64BEEF9E5} = {1A2B5FCD-41A7-4769-9EF6-285B207D20A5}
		{4EE5F436-5F6E-4466-A49A-803AC47CEFA8} = {6607D649-2AF3-4FA6-A6A9-C7ED707BD26A}
		{1A1530FF-B981-4070-82F7-DDF5BEC5CC86} = {6607D649-2AF3-4FA6-A6A9-C7ED707BD26A}
		{C2B9D5E4-31E3-41F1-B914-0BCFACB17481} = {6607D649-2AF3-4FA6-A6A9-C7ED707BD26A}
	EndGlobalSection
	GlobalSection(ExtensibilityGlobals) = postSolution
		SolutionGuid = {00E453F4-9332-4C89-B118-3D61F3C028A9}
	EndGlobalSection
EndGlobal
