
Microsoft Visual Studio Solution File, Format Version 12.00
# Visual Studio Version 17
VisualStudioVersion = 17.14.36518.9
MinimumVisualStudioVersion = 10.0.40219.1
Project("{2150E333-8FDC-42A3-9474-1A3956D46DE8}") = "Task0", "Task0", "{02EA681E-C7D8-13C7-8484-4AC65E1B71E8}"
EndProject
Project("{FAE04EC0-301F-11D3-BF4B-00C04F79EFBC}") = "Tyuiu.ChirchenkoME.Sprint2.Task0.V5", "Tyuiu.ChirchenkoME.Sprint2.Task0.V5\Tyuiu.ChirchenkoME.Sprint2.Task0.V5.csproj", "{97BC59A3-1276-47D8-99EF-947CDA999FDA}"
EndProject
Project("{FAE04EC0-301F-11D3-BF4B-00C04F79EFBC}") = "Tyuiu.ChirchenkoME.Sprint2.Task0.V5.Lib", "Tyuiu.ChirchenkoME.Sprint2.Task0.V5.Lib\Tyuiu.ChirchenkoME.Sprint2.Task0.V5.Lib.csproj", "{BCF75A89-3EF5-497D-8222-47578BC7C8C2}"
EndProject
Project("{FAE04EC0-301F-11D3-BF4B-00C04F79EFBC}") = "Tyuiu.ChirchenkoME.Sprint2.Task0.V5.Test", "Tyuiu.ChirchenkoME.Sprint2.Task0.V5.Test\Tyuiu.ChirchenkoME.Sprint2.Task0.V5.Test.csproj", "{BC346C4B-D28D-49A3-BC5F-AC947CFF8751}"
EndProject
Project("{2150E333-8FDC-42A3-9474-1A3956D46DE8}") = "Task1", "Task1", "{1A2B5FCD-41A7-4769-9EF6-285B207D20A5}"
EndProject
Project("{FAE04EC0-301F-11D3-BF4B-00C04F79EFBC}") = "Tyuiu.ChirchenkoME.Sprint2.Task1.V1", "Tyuiu.ChirchenkoME.Sprint2.Task1.V1\Tyuiu.ChirchenkoME.Sprint2.Task1.V1.csproj", "{555B63EE-16D1-4692-A423-0E05D051F8A8}"
EndProject
Project("{FAE04EC0-301F-11D3-BF4B-00C04F79EFBC}") = "Tyuiu.ChirchenkoME.Sprint2.Task1.V1.Lib", "Tyuiu.ChirchenkoME.Sprint2.Task1.V1.Lib\Tyuiu.ChirchenkoME.Sprint2.Task1.V1.Lib.csproj", "{E3F2CABA-8B80-433B-A843-B98035B65591}"
EndProject
Project("{FAE04EC0-301F-11D3-BF4B-00C04F79EFBC}") = "Tyuiu.ChirchenkoME.Sprint2.Task1.V1.Test", "Tyuiu.ChirchenkoME.Sprint2.Task1.V1.Test\Tyuiu.ChirchenkoME.Sprint2.Task1.V1.Test.csproj", "{3F137128-A57D-478A-ABCA-36B64BEEF9E5}"
EndProject
Project("{2150E333-8FDC-42A3-9474-1A3956D46DE8}") = "Task2", "Task2", "{6607D649-2AF3-4FA6-A6A9-C7ED707BD26A}"
EndProject
Project("{FAE04EC0-301F-11D3-BF4B-00C04F79EFBC}") = "Tyuiu.ChirchenkoME.Sprint2.Task2.V16", "Tyuiu.ChirchenkoME.Sprint2.Task2.V16\Tyuiu.ChirchenkoME.Sprint2.Task2.V16.csproj", "{4EE5F436-5F6E-4466-A49A-803AC47CEFA8}"
EndProject
Project("{FAE04EC0-301F-11D3-BF4B-00C04F79EFBC}") = "Tyuiu.ChirchenkoME.Sprint2.Task2.V16.Lib", "Tyuiu.ChirchenkoME.Sprint2.Task2.V16.Lib\Tyuiu.ChirchenkoME.Sprint2.Task2.V16.Lib.csproj", "{1A1530FF-B981-4070-82F7-DDF5BEC5CC86}"
EndProject
Project("{FAE04EC0-301F-11D3-BF4B-00C04F79EFBC}") = "Tyuiu.ChirchenkoME.Sprint2.Task2.V16.Test", "Tyuiu.ChirchenkoME.Sprint2.Task2.V16.Test\Tyuiu.ChirchenkoME.Sprint2.Task2.V16.Test.csproj", "{C2B9D5E4-31E3-41F1-B914-0BCFACB17481}"
EndProject
Project("{2150E333-8FDC-42A3-9474-1A3956D46DE8}") = "Task3", "Task3", "{95AF4D3D-EE26-424C-AE09-6FCC8D338DFA}"
EndProject
Project("{FAE04EC0-301F-11D3-BF4B-00C04F79EFBC}") = "Tyuiu.ChirchenkoME.Sprint2.Task3.V1", "Tyuiu.ChirchenkoME.Sprint2.Task3.V1\Tyuiu.ChirchenkoME.Sprint2.Task3.V1.csproj", "{2DA7546B-564D-447B-9D01-ED57084212D2}"
EndProject
Project("{FAE04EC0-301F-11D3-BF4B-00C04F79EFBC}") = "Tyuiu.ChirchenkoME.Sprint2.Task3.V1.Lib", "Tyuiu.ChirchenkoME.Sprint2.Task3.V1.Lib\Tyuiu.ChirchenkoME.Sprint2.Task3.V1.Lib.csproj", "{7B627218-726C-4836-B880-47EC193B9CEE}"
EndProject
Project("{FAE04EC0-301F-11D3-BF4B-00C04F79EFBC}") = "Tyuiu.ChirchenkoME.Sprint2.Task3.V1.Test", "Tyuiu.ChirchenkoME.Sprint2.Task3.V1.Test\Tyuiu.ChirchenkoME.Sprint2.Task3.V1.Test.csproj", "{3AFA5FC5-0954-4F8A-BC18-576FF95832A1}"
EndProject
Project("{2150E333-8FDC-42A3-9474-1A3956D46DE8}") = "Task4", "Task4", "{990F960F-8453-48F4-AD84-0C7FAAF56D26}"
EndProject
Project("{FAE04EC0-301F-11D3-BF4B-00C04F79EFBC}") = "Tyuiu.ChirchenkoME.Sprint2.Task4.V18", "Tyuiu.ChirchenkoME.Sprint2.Task4.V18\Tyuiu.ChirchenkoME.Sprint2.Task4.V18.csproj", "{E6103342-BE7B-454B-97B0-761B001D51EC}"
EndProject
Project("{FAE04EC0-301F-11D3-BF4B-00C04F79EFBC}") = "Tyuiu.ChirchenkoME.Sprint2.Task4.V18.Lib", "Tyuiu.ChirchenkoME.Sprint2.Task4.V18.Lib\Tyuiu.ChirchenkoME.Sprint2.Task4.V18.Lib.csproj", "{51035161-7667-4AB1-9FDB-712A69044286}"
EndProject
Project("{FAE04EC0-301F-11D3-BF4B-00C04F79EFBC}") = "Tyuiu.ChirchenkoME.Sprint2.Task4.V18.Test", "Tyuiu.ChirchenkoME.Sprint2.Task4.V18.Test\Tyuiu.ChirchenkoME.Sprint2.Task4.V18.Test.csproj", "{C108C290-FAB2-4211-8036-E620612B700A}"
EndProject
Project("{2150E333-8FDC-42A3-9474-1A3956D46DE8}") = "Task5", "Task5", "{29B80CB1-D49D-438E-8956-BDB1D693F2B2}"
EndProject
Project("{2150E333-8FDC-42A3-9474-1A3956D46DE8}") = "Task6", "Task6", "{6D693DA8-1244-4614-91F1-A22BFE9B9240}"
EndProject
Project("{2150E333-8FDC-42A3-9474-1A3956D46DE8}") = "Task7", "Task7", "{7FF9D5BF-EE1E-4480-807A-AFAA06BEB538}"
EndProject
Project("{FAE04EC0-301F-11D3-BF4B-00C04F79EFBC}") = "Tyuiu.ChirchenkoME.Sprint2.Task5.V9", "Tyuiu.ChirchenkoME.Sprint2.Task5.V9\Tyuiu.ChirchenkoME.Sprint2.Task5.V9.csproj", "{2532F399-46DC-4713-8ACA-E84A66103337}"
EndProject
Project("{FAE04EC0-301F-11D3-BF4B-00C04F79EFBC}") = "Tyuiu.ChirchenkoME.Sprint2.Task5.V9.Lib", "Tyuiu.ChirchenkoME.Sprint2.Task5.V9.Lib\Tyuiu.ChirchenkoME.Sprint2.Task5.V9.Lib.csproj", "{AC9DA42A-CF08-4D0D-AF96-0236A5F5D823}"
EndProject
Project("{FAE04EC0-301F-11D3-BF4B-00C04F79EFBC}") = "Tyuiu.ChirchenkoME.Sprint2.Task5.V9.Test", "Tyuiu.ChirchenkoME.Sprint2.Task5.V9.Test\Tyuiu.ChirchenkoME.Sprint2.Task5.V9.Test.csproj", "{716459E9-A989-4A74-9D67-7D5110ADB965}"
EndProject
Project("{FAE04EC0-301F-11D3-BF4B-00C04F79EFBC}") = "Tyuiu.ChirchenkoME.Sprint2.Task6.V6", "Tyuiu.ChirchenkoME.Sprint2.Task6.V6\Tyuiu.ChirchenkoME.Sprint2.Task6.V6.csproj", "{E5936737-1D4B-45A6-807B-20A3900B95BE}"
EndProject
Project("{FAE04EC0-301F-11D3-BF4B-00C04F79EFBC}") = "Tyuiu.ChirchenkoME.Sprint2.Task6.V6.Lib", "Tyuiu.ChirchenkoME.Sprint2.Task6.V6.Lib\Tyuiu.ChirchenkoME.Sprint2.Task6.V6.Lib.csproj", "{6EA84921-5E93-4711-BD2D-F9E603444942}"
EndProject
Project("{FAE04EC0-301F-11D3-BF4B-00C04F79EFBC}") = "Tyuiu.ChirchenkoME.Sprint2.Task6.V6.Test", "Tyuiu.ChirchenkoME.Sprint2.Task6.V6.Test\Tyuiu.ChirchenkoME.Sprint2.Task6.V6.Test.csproj", "{4AFB8CC8-A76C-49D7-9DA4-6F378E24673F}"
EndProject
Global
	GlobalSection(SolutionConfigurationPlatforms) = preSolution
		Debug|Any CPU = Debug|Any CPU
		Release|Any CPU = Release|Any CPU
	EndGlobalSection
	GlobalSection(ProjectConfigurationPlatforms) = postSolution
		{97BC59A3-1276-47D8-99EF-947CDA999FDA}.Debug|Any CPU.ActiveCfg = Debug|Any CPU
		{97BC59A3-1276-47D8-99EF-947CDA999FDA}.Debug|Any CPU.Build.0 = Debug|Any CPU
		{97BC59A3-1276-47D8-99EF-947CDA999FDA}.Release|Any CPU.ActiveCfg = Release|Any CPU
		{97BC59A3-1276-47D8-99EF-947CDA999FDA}.Release|Any CPU.Build.0 = Release|Any CPU
		{BCF75A89-3EF5-497D-8222-47578BC7C8C2}.Debug|Any CPU.ActiveCfg = Debug|Any CPU
		{BCF75A89-3EF5-497D-8222-47578BC7C8C2}.Debug|Any CPU.Build.0 = Debug|Any CPU
		{BCF75A89-3EF5-497D-8222-47578BC7C8C2}.Release|Any CPU.ActiveCfg = Release|Any CPU
		{BCF75A89-3EF5-497D-8222-47578BC7C8C2}.Release|Any CPU.Build.0 = Release|Any CPU
		{BC346C4B-D28D-49A3-BC5F-AC947CFF8751}.Debug|Any CPU.ActiveCfg = Debug|Any CPU
		{BC346C4B-D28D-49A3-BC5F-AC947CFF8751}.Debug|Any CPU.Build.0 = Debug|Any CPU
		{BC346C4B-D28D-49A3-BC5F-AC947CFF8751}.Release|Any CPU.ActiveCfg = Release|Any CPU
		{BC346C4B-D28D-49A3-BC5F-AC947CFF8751}.Release|Any CPU.Build.0 = Release|Any CPU
		{555B63EE-16D1-4692-A423-0E05D051F8A8}.Debug|Any CPU.ActiveCfg = Debug|Any CPU
		{555B63EE-16D1-4692-A423-0E05D051F8A8}.Debug|Any CPU.Build.0 = Debug|Any CPU
		{555B63EE-16D1-4692-A423-0E05D051F8A8}.Release|Any CPU.ActiveCfg = Release|Any CPU
		{555B63EE-16D1-4692-A423-0E05D051F8A8}.Release|Any CPU.Build.0 = Release|Any CPU
		{E3F2CABA-8B80-433B-A843-B98035B65591}.Debug|Any CPU.ActiveCfg = Debug|Any CPU
		{E3F2CABA-8B80-433B-A843-B98035B65591}.Debug|Any CPU.Build.0 = Debug|Any CPU
		{E3F2CABA-8B80-433B-A843-B98035B65591}.Release|Any CPU.ActiveCfg = Release|Any CPU
		{E3F2CABA-8B80-433B-A843-B98035B65591}.Release|Any CPU.Build.0 = Release|Any CPU
		{3F137128-A57D-478A-ABCA-36B64BEEF9E5}.Debug|Any CPU.ActiveCfg = Debug|Any CPU
		{3F137128-A57D-478A-ABCA-36B64BEEF9E5}.Debug|Any CPU.Build.0 = Debug|Any CPU
		{3F137128-A57D-478A-ABCA-36B64BEEF9E5}.Release|Any CPU.ActiveCfg = Release|Any CPU
		{3F137128-A57D-478A-ABCA-36B64BEEF9E5}.Release|Any CPU.Build.0 = Release|Any CPU
		{4EE5F436-5F6E-4466-A49A-803AC47CEFA8}.Debug|Any CPU.ActiveCfg = Debug|Any CPU
		{4EE5F436-5F6E-4466-A49A-803AC47CEFA8}.Debug|Any CPU.Build.0 = Debug|Any CPU
		{4EE5F436-5F6E-4466-A49A-803AC47CEFA8}.Release|Any CPU.ActiveCfg = Release|Any CPU
		{4EE5F436-5F6E-4466-A49A-803AC47CEFA8}.Release|Any CPU.Build.0 = Release|Any CPU
		{1A1530FF-B981-4070-82F7-DDF5BEC5CC86}.Debug|Any CPU.ActiveCfg = Debug|Any CPU
		{1A1530FF-B981-4070-82F7-DDF5BEC5CC86}.Debug|Any CPU.Build.0 = Debug|Any CPU
		{1A1530FF-B981-4070-82F7-DDF5BEC5CC86}.Release|Any CPU.ActiveCfg = Release|Any CPU
		{1A1530FF-B981-4070-82F7-DDF5BEC5CC86}.Release|Any CPU.Build.0 = Release|Any CPU
		{C2B9D5E4-31E3-41F1-B914-0BCFACB17481}.Debug|Any CPU.ActiveCfg = Debug|Any CPU
		{C2B9D5E4-31E3-41F1-B914-0BCFACB17481}.Debug|Any CPU.Build.0 = Debug|Any CPU
		{C2B9D5E4-31E3-41F1-B914-0BCFACB17481}.Release|Any CPU.ActiveCfg = Release|Any CPU
		{C2B9D5E4-31E3-41F1-B914-0BCFACB17481}.Release|Any CPU.Build.0 = Release|Any CPU
		{2DA7546B-564D-447B-9D01-ED57084212D2}.Debug|Any CPU.ActiveCfg = Debug|Any CPU
		{2DA7546B-564D-447B-9D01-ED57084212D2}.Debug|Any CPU.Build.0 = Debug|Any CPU
		{2DA7546B-564D-447B-9D01-ED57084212D2}.Release|Any CPU.ActiveCfg = Release|Any CPU
		{2DA7546B-564D-447B-9D01-ED57084212D2}.Release|Any CPU.Build.0 = Release|Any CPU
		{7B627218-726C-4836-B880-47EC193B9CEE}.Debug|Any CPU.ActiveCfg = Debug|Any CPU
		{7B627218-726C-4836-B880-47EC193B9CEE}.Debug|Any CPU.Build.0 = Debug|Any CPU
		{7B627218-726C-4836-B880-47EC193B9CEE}.Release|Any CPU.ActiveCfg = Release|Any CPU
		{7B627218-726C-4836-B880-47EC193B9CEE}.Release|Any CPU.Build.0 = Release|Any CPU
		{3AFA5FC5-0954-4F8A-BC18-576FF95832A1}.Debug|Any CPU.ActiveCfg = Debug|Any CPU
		{3AFA5FC5-0954-4F8A-BC18-576FF95832A1}.Debug|Any CPU.Build.0 = Debug|Any CPU
		{3AFA5FC5-0954-4F8A-BC18-576FF95832A1}.Release|Any CPU.ActiveCfg = Release|Any CPU
		{3AFA5FC5-0954-4F8A-BC18-576FF95832A1}.Release|Any CPU.Build.0 = Release|Any CPU
		{E6103342-BE7B-454B-97B0-761B001D51EC}.Debug|Any CPU.ActiveCfg = Debug|Any CPU
		{E6103342-BE7B-454B-97B0-761B001D51EC}.Debug|Any CPU.Build.0 = Debug|Any CPU
		{E6103342-BE7B-454B-97B0-761B001D51EC}.Release|Any CPU.ActiveCfg = Release|Any CPU
		{E6103342-BE7B-454B-97B0-761B001D51EC}.Release|Any CPU.Build.0 = Release|Any CPU
		{51035161-7667-4AB1-9FDB-712A69044286}.Debug|Any CPU.ActiveCfg = Debug|Any CPU
		{51035161-7667-4AB1-9FDB-712A69044286}.Debug|Any CPU.Build.0 = Debug|Any CPU
		{51035161-7667-4AB1-9FDB-712A69044286}.Release|Any CPU.ActiveCfg = Release|Any CPU
		{51035161-7667-4AB1-9FDB-712A69044286}.Release|Any CPU.Build.0 = Release|Any CPU
		{C108C290-FAB2-4211-8036-E620612B700A}.Debug|Any CPU.ActiveCfg = Debug|Any CPU
		{C108C290-FAB2-4211-8036-E620612B700A}.Debug|Any CPU.Build.0 = Debug|Any CPU
		{C108C290-FAB2-4211-8036-E620612B700A}.Release|Any CPU.ActiveCfg = Release|Any CPU
		{C108C290-FAB2-4211-8036-E620612B700A}.Release|Any CPU.Build.0 = Release|Any CPU
		{2532F399-46DC-4713-8ACA-E84A66103337}.Debug|Any CPU.ActiveCfg = Debug|Any CPU
		{2532F399-46DC-4713-8ACA-E84A66103337}.Debug|Any CPU.Build.0 = Debug|Any CPU
		{2532F399-46DC-4713-8ACA-E84A66103337}.Release|Any CPU.ActiveCfg = Release|Any CPU
		{2532F399-46DC-4713-8ACA-E84A66103337}.Release|Any CPU.Build.0 = Release|Any CPU
		{AC9DA42A-CF08-4D0D-AF96-0236A5F5D823}.Debug|Any CPU.ActiveCfg = Debug|Any CPU
		{AC9DA42A-CF08-4D0D-AF96-0236A5F5D823}.Debug|Any CPU.Build.0 = Debug|Any CPU
		{AC9DA42A-CF08-4D0D-AF96-0236A5F5D823}.Release|Any CPU.ActiveCfg = Release|Any CPU
		{AC9DA42A-CF08-4D0D-AF96-0236A5F5D823}.Release|Any CPU.Build.0 = Release|Any CPU
		{716459E9-A989-4A74-9D67-7D5110ADB965}.Debug|Any CPU.ActiveCfg = Debug|Any CPU
		{716459E9-A989-4A74-9D67-7D5110ADB965}.Debug|Any CPU.Build.0 = Debug|Any CPU
		{716459E9-A989-4A74-9D67-7D5110ADB965}.Release|Any CPU.ActiveCfg = Release|Any CPU
		{716459E9-A989-4A74-9D67-7D5110ADB965}.Release|Any CPU.Build.0 = Release|Any CPU
		{E5936737-1D4B-45A6-807B-20A3900B95BE}.Debug|Any CPU.ActiveCfg = Debug|Any CPU
		{E5936737-1D4B-45A6-807B-20A3900B95BE}.Debug|Any CPU.Build.0 = Debug|Any CPU
		{E5936737-1D4B-45A6-807B-20A3900B95BE}.Release|Any CPU.ActiveCfg = Release|Any CPU
		{E5936737-1D4B-45A6-807B-20A3900B95BE}.Release|Any CPU.Build.0 = Release|Any CPU
		{6EA84921-5E93-4711-BD2D-F9E603444942}.Debug|Any CPU.ActiveCfg = Debug|Any CPU
		{6EA84921-5E93-4711-BD2D-F9E603444942}.Debug|Any CPU.Build.0 = Debug|Any CPU
		{6EA84921-5E93-4711-BD2D-F9E603444942}.Release|Any CPU.ActiveCfg = Release|Any CPU
		{6EA84921-5E93-4711-BD2D-F9E603444942}.Release|Any CPU.Build.0 = Release|Any CPU
		{4AFB8CC8-A76C-49D7-9DA4-6F378E24673F}.Debug|Any CPU.ActiveCfg = Debug|Any CPU
		{4AFB8CC8-A76C-49D7-9DA4-6F378E24673F}.Debug|Any CPU.Build.0 = Debug|Any CPU
		{4AFB8CC8-A76C-49D7-9DA4-6F378E24673F}.Release|Any CPU.ActiveCfg = Release|Any CPU
		{4AFB8CC8-A76C-49D7-9DA4-6F378E24673F}.Release|Any CPU.Build.0 = Release|Any CPU
	EndGlobalSection
	GlobalSection(SolutionProperties) = preSolution
		HideSolutionNode = FALSE
	EndGlobalSection
	GlobalSection(NestedProjects) = preSolution
		{97BC59A3-1276-47D8-99EF-947CDA999FDA} = {02EA681E-C7D8-13C7-8484-4AC65E1B71E8}
		{BCF75A89-3EF5-497D-8222-47578BC7C8C2} = {02EA681E-C7D8-13C7-8484-4AC65E1B71E8}
		{BC346C4B-D28D-49A3-BC5F-AC947CFF8751} = {02EA681E-C7D8-13C7-8484-4AC65E1B71E8}
		{555B63EE-16D1-4692-A423-0E05D051F8A8} = {1A2B5FCD-41A7-4769-9EF6-285B207D20A5}
		{E3F2CABA-8B80-433B-A843-B98035B65591} = {1A2B5FCD-41A7-4769-9EF6-285B207D20A5}
		{3F137128-A57D-478A-ABCA-36B64BEEF9E5} = {1A2B5FCD-41A7-4769-9EF6-285B207D20A5}
		{4EE5F436-5F6E-4466-A49A-803AC47CEFA8} = {6607D649-2AF3-4FA6-A6A9-C7ED707BD26A}
		{1A1530FF-B981-4070-82F7-DDF5BEC5CC86} = {6607D649-2AF3-4FA6-A6A9-C7ED707BD26A}
		{C2B9D5E4-31E3-41F1-B914-0BCFACB17481} = {6607D649-2AF3-4FA6-A6A9-C7ED707BD26A}
		{2DA7546B-564D-447B-9D01-ED57084212D2} = {95AF4D3D-EE26-424C-AE09-6FCC8D338DFA}
		{7B627218-726C-4836-B880-47EC193B9CEE} = {95AF4D3D-EE26-424C-AE09-6FCC8D338DFA}
		{3AFA5FC5-0954-4F8A-BC18-576FF95832A1} = {95AF4D3D-EE26-424C-AE09-6FCC8D338DFA}
		{E6103342-BE7B-454B-97B0-761B001D51EC} = {990F960F-8453-48F4-AD84-0C7FAAF56D26}
		{51035161-7667-4AB1-9FDB-712A69044286} = {990F960F-8453-48F4-AD84-0C7FAAF56D26}
		{C108C290-FAB2-4211-8036-E620612B700A} = {990F960F-8453-48F4-AD84-0C7FAAF56D26}
		{2532F399-46DC-4713-8ACA-E84A66103337} = {29B80CB1-D49D-438E-8956-BDB1D693F2B2}
		{AC9DA42A-CF08-4D0D-AF96-0236A5F5D823} = {29B80CB1-D49D-438E-8956-BDB1D693F2B2}
		{716459E9-A989-4A74-9D67-7D5110ADB965} = {29B80CB1-D49D-438E-8956-BDB1D693F2B2}
		{E5936737-1D4B-45A6-807B-20A3900B95BE} = {6D693DA8-1244-4614-91F1-A22BFE9B9240}
		{6EA84921-5E93-4711-BD2D-F9E603444942} = {6D693DA8-1244-4614-91F1-A22BFE9B9240}
		{4AFB8CC8-A76C-49D7-9DA4-6F378E24673F} = {6D693DA8-1244-4614-91F1-A22BFE9B9240}
	EndGlobalSection
	GlobalSection(ExtensibilityGlobals) = postSolution
		SolutionGuid = {00E453F4-9332-4C89-B118-3D61F3C028A9}
	EndGlobalSection
EndGlobal
